
Microsoft Visual Studio Solution File, Format Version 12.00
# Visual Studio 2012
Project("{FAE04EC0-301F-11D3-BF4B-00C04F79EFBC}") = "PhpVHReportViewer", "PhpVHReportViewer\PhpVHReportViewer.csproj", "{B2CD0911-5096-464A-9A21-0E1422310132}"
EndProject
Project("{FAE04EC0-301F-11D3-BF4B-00C04F79EFBC}") = "PhpVH", "PhpVH\PhpVH.csproj", "{B19AE3EC-D09D-41AC-A082-008EF36BF0FA}"
EndProject
Project("{FAE04EC0-301F-11D3-BF4B-00C04F79EFBC}") = "PhpVHProbe", "PhpVHProbe\PhpVHProbe.csproj", "{863B0909-FF1E-4A58-823E-CEE04B2A03FF}"
EndProject
Project("{FAE04EC0-301F-11D3-BF4B-00C04F79EFBC}") = "PhpVHGui", "PhpVHGui\PhpVHGui.csproj", "{A5144524-61DE-48F9-8778-341252C26ED1}"
EndProject
Project("{FAE04EC0-301F-11D3-BF4B-00C04F79EFBC}") = "Components", "Components\Components.csproj", "{4938604E-7501-4B8A-870D-50887883E38B}"
EndProject
Project("{FAE04EC0-301F-11D3-BF4B-00C04F79EFBC}") = "ComponentsUnitTests", "ComponentsUnitTests\ComponentsUnitTests.csproj", "{3DCA0E16-866B-402E-A946-D40F8A189279}"
EndProject
Project("{FAE04EC0-301F-11D3-BF4B-00C04F79EFBC}") = "PhpVH.Tests.Integration", "PhpVH.Tests.Integration\PhpVH.Tests.Integration.csproj", "{8EE05764-F512-42C9-9FD5-61F63254889D}"
EndProject
Project("{FAE04EC0-301F-11D3-BF4B-00C04F79EFBC}") = "PhpVH.Tests.Unit", "PhpVH.Tests.Unit\PhpVH.Tests.Unit.csproj", "{D9AE8E63-0B24-414D-84FE-428FB591C08E}"
EndProject
Project("{FAE04EC0-301F-11D3-BF4B-00C04F79EFBC}") = "PhpVH.Tests", "PhpVH.Tests\PhpVH.Tests.csproj", "{F69DBBEA-4BB2-4AE5-B6EE-90C19F2A17CF}"
EndProject
Project("{FAE04EC0-301F-11D3-BF4B-00C04F79EFBC}") = "MonoBuildScriptGenerator", "MonoBuildScriptGenerator\MonoBuildScriptGenerator.csproj", "{592E487B-7B5A-44DE-A668-6990C9BA6B4D}"
EndProject
Project("{FAE04EC0-301F-11D3-BF4B-00C04F79EFBC}") = "Components.ConsolePlus", "Components.ConsolePlus\Components.ConsolePlus.csproj", "{FBC88DDF-02CF-4D6B-9438-E7D186536898}"
EndProject
Project("{2150E333-8FDC-42A3-9474-1A3956D46DE8}") = "Build", "Build", "{24F74FE7-6675-476B-85CC-06FDDAE288FE}"
	ProjectSection(SolutionItems) = preProject
		build.cmd = build.cmd
	EndProjectSection
EndProject
Project("{FAE04EC0-301F-11D3-BF4B-00C04F79EFBC}") = "LexerTestGenerator", "LexerTestGenerator\LexerTestGenerator.csproj", "{0F701FE0-9D70-428F-A23C-09C235FDE419}"
EndProject
Project("{FAE04EC0-301F-11D3-BF4B-00C04F79EFBC}") = "LLex", "LLex\LLex.csproj", "{D172AD83-34D8-478D-8875-2D467A28129C}"
EndProject
Project("{FAE04EC0-301F-11D3-BF4B-00C04F79EFBC}") = "Aphid", "MicroScript\Aphid.csproj", "{EFDE894B-FA3D-4202-9A08-C9F69C0B0799}"
EndProject
Project("{FAE04EC0-301F-11D3-BF4B-00C04F79EFBC}") = "Components.Aphid.Tests.Integration", "Components.Aphid.Tests.Integration\Components.Aphid.Tests.Integration.csproj", "{B94E7BEF-5277-4BCB-82E1-BA5616EB7E42}"
EndProject
Project("{2150E333-8FDC-42A3-9474-1A3956D46DE8}") = "Aphid", "Aphid", "{37178D62-2DBE-44D1-A273-4C086C6CD168}"
EndProject
Project("{2150E333-8FDC-42A3-9474-1A3956D46DE8}") = "PhpVH", "PhpVH", "{275C1A32-6CF1-4151-96B8-CDC1EE97B60C}"
EndProject
Project("{FAE04EC0-301F-11D3-BF4B-00C04F79EFBC}") = "AphidCodeGenerator", "AphidCodeGenerator\AphidCodeGenerator.csproj", "{637F363D-3006-47DE-9A4D-BDE2A8BD3A6C}"
EndProject
Project("{2150E333-8FDC-42A3-9474-1A3956D46DE8}") = "Components", "Components", "{6D6972B7-712C-470A-A42C-2E9EB9C41300}"
EndProject
Project("{2150E333-8FDC-42A3-9474-1A3956D46DE8}") = "Misc", "Misc", "{61E32404-357A-48D2-AF0D-A826238D7D06}"
EndProject
Project("{2150E333-8FDC-42A3-9474-1A3956D46DE8}") = "Projects", "Projects", "{C6929962-22AE-4E22-B67F-F54F926B9E39}"
EndProject
Project("{FAE04EC0-301F-11D3-BF4B-00C04F79EFBC}") = "Components.Net", "Components.Net\Components.Net.csproj", "{4CB37800-8799-410D-9388-D84CE484E973}"
EndProject
Project("{FAE04EC0-301F-11D3-BF4B-00C04F79EFBC}") = "Components.Aphid.Net", "Components.Aphid.Net\Components.Aphid.Net.csproj", "{30A048BB-A6FE-4AA1-86FF-2944F467FEC0}"
EndProject
Project("{FAE04EC0-301F-11D3-BF4B-00C04F79EFBC}") = "PhpVH.SelfTest", "PhpVH.SelfTest\PhpVH.SelfTest.csproj", "{5AF61F80-0070-48E9-BA57-B7D6A4531E80}"
EndProject
Project("{FAE04EC0-301F-11D3-BF4B-00C04F79EFBC}") = "ReleasePackager", "ReleasePackager\ReleasePackager.csproj", "{AF3BA295-A0FF-4317-A53F-DD172FD0E42A}"
EndProject
Project("{FAE04EC0-301F-11D3-BF4B-00C04F79EFBC}") = "Components.Aphid", "Components.Aphid\Components.Aphid.csproj", "{4249DB75-BBB6-4CC4-B046-3170DD1D3BC1}"
EndProject
Global
	GlobalSection(TeamFoundationVersionControl) = preSolution
		SccNumberOfProjects = 22
		SccEnterpriseProvider = {4CA58AB2-18FA-4F8D-95D4-32DDF27D184C}
		SccTeamFoundationServer = https://tfs.codeplex.com/tfs/tfs08
		SccLocalPath0 = .
		SccProjectUniqueName1 = AphidCodeGenerator\\AphidCodeGenerator.csproj
		SccProjectTopLevelParentUniqueName1 = PhpVH.sln
		SccProjectName1 = AphidCodeGenerator
		SccLocalPath1 = AphidCodeGenerator
		SccProjectUniqueName2 = Components.Aphid.Net\\Components.Aphid.Net.csproj
		SccProjectTopLevelParentUniqueName2 = PhpVH.sln
		SccProjectName2 = Components.Aphid.Net
		SccLocalPath2 = Components.Aphid.Net
		SccProjectUniqueName3 = Components.Aphid.Tests.Integration\\Components.Aphid.Tests.Integration.csproj
		SccProjectTopLevelParentUniqueName3 = PhpVH.sln
		SccProjectName3 = Components.Aphid.Tests.Integration
		SccLocalPath3 = Components.Aphid.Tests.Integration
		SccProjectUniqueName4 = Components.Aphid\\Components.Aphid.csproj
		SccProjectTopLevelParentUniqueName4 = PhpVH.sln
		SccProjectName4 = Components.Aphid
		SccLocalPath4 = Components.Aphid
		SccProjectUniqueName5 = Components.ConsolePlus\\Components.ConsolePlus.csproj
		SccProjectTopLevelParentUniqueName5 = PhpVH.sln
		SccProjectName5 = Components.ConsolePlus
		SccLocalPath5 = Components.ConsolePlus
		SccProjectUniqueName6 = Components.Net\\Components.Net.csproj
		SccProjectTopLevelParentUniqueName6 = PhpVH.sln
		SccProjectName6 = Components.Net
		SccLocalPath6 = Components.Net
		SccProjectUniqueName7 = Components\\Components.csproj
		SccProjectTopLevelParentUniqueName7 = PhpVH.sln
		SccProjectName7 = Components
		SccLocalPath7 = Components
		SccProjectUniqueName8 = ComponentsUnitTests\\ComponentsUnitTests.csproj
		SccProjectTopLevelParentUniqueName8 = PhpVH.sln
		SccProjectName8 = ComponentsUnitTests
		SccLocalPath8 = ComponentsUnitTests
		SccProjectUniqueName9 = LexerTestGenerator\\LexerTestGenerator.csproj
		SccProjectTopLevelParentUniqueName9 = PhpVH.sln
		SccProjectName9 = LexerTestGenerator
		SccLocalPath9 = LexerTestGenerator
		SccProjectUniqueName10 = LLex\\LLex.csproj
		SccProjectTopLevelParentUniqueName10 = PhpVH.sln
		SccProjectName10 = LLex
		SccLocalPath10 = LLex
		SccProjectUniqueName11 = MicroScript\\Aphid.csproj
		SccProjectTopLevelParentUniqueName11 = PhpVH.sln
		SccProjectName11 = MicroScript
		SccLocalPath11 = MicroScript
		SccProjectUniqueName12 = MonoBuildScriptGenerator\\MonoBuildScriptGenerator.csproj
		SccProjectTopLevelParentUniqueName12 = PhpVH.sln
		SccProjectName12 = MonoBuildScriptGenerator
		SccLocalPath12 = MonoBuildScriptGenerator
		SccProjectUniqueName13 = PhpVH.SelfTest\\PhpVH.SelfTest.csproj
		SccProjectTopLevelParentUniqueName13 = PhpVH.sln
		SccProjectName13 = PhpVH.SelfTest
		SccLocalPath13 = PhpVH.SelfTest
		SccProjectUniqueName14 = PhpVH.Tests.Integration\\PhpVH.Tests.Integration.csproj
		SccProjectTopLevelParentUniqueName14 = PhpVH.sln
		SccProjectName14 = PhpVH.Tests.Integration
		SccLocalPath14 = PhpVH.Tests.Integration
		SccProjectUniqueName15 = PhpVH.Tests.Unit\\PhpVH.Tests.Unit.csproj
		SccProjectTopLevelParentUniqueName15 = PhpVH.sln
		SccProjectName15 = PhpVH.Tests.Unit
		SccLocalPath15 = PhpVH.Tests.Unit
		SccProjectUniqueName16 = PhpVH.Tests\\PhpVH.Tests.csproj
		SccProjectTopLevelParentUniqueName16 = PhpVH.sln
		SccProjectName16 = PhpVH.Tests
		SccLocalPath16 = PhpVH.Tests
		SccProjectUniqueName17 = PhpVH\\PhpVH.csproj
		SccProjectTopLevelParentUniqueName17 = PhpVH.sln
		SccProjectName17 = PhpVH
		SccLocalPath17 = PhpVH
		SccProjectUniqueName18 = PhpVHGui\\PhpVHGui.csproj
		SccProjectTopLevelParentUniqueName18 = PhpVH.sln
		SccProjectName18 = PhpVHGui
		SccLocalPath18 = PhpVHGui
		SccProjectUniqueName19 = PhpVHProbe\\PhpVHProbe.csproj
		SccProjectTopLevelParentUniqueName19 = PhpVH.sln
		SccProjectName19 = PhpVHProbe
		SccLocalPath19 = PhpVHProbe
		SccProjectUniqueName20 = PhpVHReportViewer\\PhpVHReportViewer.csproj
		SccProjectTopLevelParentUniqueName20 = PhpVH.sln
		SccProjectName20 = PhpVHReportViewer
		SccLocalPath20 = PhpVHReportViewer
		SccProjectUniqueName21 = ReleasePackager\\ReleasePackager.csproj
		SccProjectTopLevelParentUniqueName21 = PhpVH.sln
		SccProjectName21 = ReleasePackager
		SccLocalPath21 = ReleasePackager
	EndGlobalSection
	GlobalSection(SolutionConfigurationPlatforms) = preSolution
		Debug|Any CPU = Debug|Any CPU
		Debug|Mixed Platforms = Debug|Mixed Platforms
		Debug|x86 = Debug|x86
		Release|Any CPU = Release|Any CPU
		Release|Mixed Platforms = Release|Mixed Platforms
		Release|x86 = Release|x86
	EndGlobalSection
	GlobalSection(ProjectConfigurationPlatforms) = postSolution
		{B2CD0911-5096-464A-9A21-0E1422310132}.Debug|Any CPU.ActiveCfg = Debug|Any CPU
		{B2CD0911-5096-464A-9A21-0E1422310132}.Debug|Any CPU.Build.0 = Debug|Any CPU
		{B2CD0911-5096-464A-9A21-0E1422310132}.Debug|Mixed Platforms.ActiveCfg = Debug|Any CPU
		{B2CD0911-5096-464A-9A21-0E1422310132}.Debug|Mixed Platforms.Build.0 = Debug|Any CPU
		{B2CD0911-5096-464A-9A21-0E1422310132}.Debug|x86.ActiveCfg = Debug|Any CPU
		{B2CD0911-5096-464A-9A21-0E1422310132}.Release|Any CPU.ActiveCfg = Release|Any CPU
		{B2CD0911-5096-464A-9A21-0E1422310132}.Release|Any CPU.Build.0 = Release|Any CPU
		{B2CD0911-5096-464A-9A21-0E1422310132}.Release|Mixed Platforms.ActiveCfg = Release|Any CPU
		{B2CD0911-5096-464A-9A21-0E1422310132}.Release|x86.ActiveCfg = Release|Any CPU
		{B19AE3EC-D09D-41AC-A082-008EF36BF0FA}.Debug|Any CPU.ActiveCfg = Debug|Any CPU
		{B19AE3EC-D09D-41AC-A082-008EF36BF0FA}.Debug|Any CPU.Build.0 = Debug|Any CPU
		{B19AE3EC-D09D-41AC-A082-008EF36BF0FA}.Debug|Mixed Platforms.ActiveCfg = Debug|Any CPU
		{B19AE3EC-D09D-41AC-A082-008EF36BF0FA}.Debug|Mixed Platforms.Build.0 = Debug|Any CPU
		{B19AE3EC-D09D-41AC-A082-008EF36BF0FA}.Debug|x86.ActiveCfg = Debug|Any CPU
		{B19AE3EC-D09D-41AC-A082-008EF36BF0FA}.Release|Any CPU.ActiveCfg = Release|Any CPU
		{B19AE3EC-D09D-41AC-A082-008EF36BF0FA}.Release|Any CPU.Build.0 = Release|Any CPU
		{B19AE3EC-D09D-41AC-A082-008EF36BF0FA}.Release|Mixed Platforms.ActiveCfg = Release|Any CPU
		{B19AE3EC-D09D-41AC-A082-008EF36BF0FA}.Release|Mixed Platforms.Build.0 = Release|Any CPU
		{B19AE3EC-D09D-41AC-A082-008EF36BF0FA}.Release|x86.ActiveCfg = Release|Any CPU
		{863B0909-FF1E-4A58-823E-CEE04B2A03FF}.Debug|Any CPU.ActiveCfg = Debug|Any CPU
		{863B0909-FF1E-4A58-823E-CEE04B2A03FF}.Debug|Any CPU.Build.0 = Debug|Any CPU
		{863B0909-FF1E-4A58-823E-CEE04B2A03FF}.Debug|Mixed Platforms.ActiveCfg = Debug|Any CPU
		{863B0909-FF1E-4A58-823E-CEE04B2A03FF}.Debug|Mixed Platforms.Build.0 = Debug|Any CPU
		{863B0909-FF1E-4A58-823E-CEE04B2A03FF}.Debug|x86.ActiveCfg = Debug|Any CPU
		{863B0909-FF1E-4A58-823E-CEE04B2A03FF}.Release|Any CPU.ActiveCfg = Release|Any CPU
		{863B0909-FF1E-4A58-823E-CEE04B2A03FF}.Release|Any CPU.Build.0 = Release|Any CPU
		{863B0909-FF1E-4A58-823E-CEE04B2A03FF}.Release|Mixed Platforms.ActiveCfg = Release|Any CPU
		{863B0909-FF1E-4A58-823E-CEE04B2A03FF}.Release|Mixed Platforms.Build.0 = Release|Any CPU
		{863B0909-FF1E-4A58-823E-CEE04B2A03FF}.Release|x86.ActiveCfg = Release|Any CPU
		{A5144524-61DE-48F9-8778-341252C26ED1}.Debug|Any CPU.ActiveCfg = Debug|Any CPU
		{A5144524-61DE-48F9-8778-341252C26ED1}.Debug|Any CPU.Build.0 = Debug|Any CPU
		{A5144524-61DE-48F9-8778-341252C26ED1}.Debug|Mixed Platforms.ActiveCfg = Debug|Any CPU
		{A5144524-61DE-48F9-8778-341252C26ED1}.Debug|Mixed Platforms.Build.0 = Debug|Any CPU
		{A5144524-61DE-48F9-8778-341252C26ED1}.Debug|x86.ActiveCfg = Debug|Any CPU
		{A5144524-61DE-48F9-8778-341252C26ED1}.Release|Any CPU.ActiveCfg = Release|Any CPU
		{A5144524-61DE-48F9-8778-341252C26ED1}.Release|Any CPU.Build.0 = Release|Any CPU
		{A5144524-61DE-48F9-8778-341252C26ED1}.Release|Mixed Platforms.ActiveCfg = Release|Any CPU
		{A5144524-61DE-48F9-8778-341252C26ED1}.Release|Mixed Platforms.Build.0 = Release|Any CPU
		{A5144524-61DE-48F9-8778-341252C26ED1}.Release|x86.ActiveCfg = Release|Any CPU
		{4938604E-7501-4B8A-870D-50887883E38B}.Debug|Any CPU.ActiveCfg = Debug|Any CPU
		{4938604E-7501-4B8A-870D-50887883E38B}.Debug|Any CPU.Build.0 = Debug|Any CPU
		{4938604E-7501-4B8A-870D-50887883E38B}.Debug|Mixed Platforms.ActiveCfg = Debug|Any CPU
		{4938604E-7501-4B8A-870D-50887883E38B}.Debug|Mixed Platforms.Build.0 = Debug|Any CPU
		{4938604E-7501-4B8A-870D-50887883E38B}.Debug|x86.ActiveCfg = Debug|Any CPU
		{4938604E-7501-4B8A-870D-50887883E38B}.Release|Any CPU.ActiveCfg = Release|Any CPU
		{4938604E-7501-4B8A-870D-50887883E38B}.Release|Any CPU.Build.0 = Release|Any CPU
		{4938604E-7501-4B8A-870D-50887883E38B}.Release|Mixed Platforms.ActiveCfg = Release|Any CPU
		{4938604E-7501-4B8A-870D-50887883E38B}.Release|Mixed Platforms.Build.0 = Release|Any CPU
		{4938604E-7501-4B8A-870D-50887883E38B}.Release|x86.ActiveCfg = Release|Any CPU
		{3DCA0E16-866B-402E-A946-D40F8A189279}.Debug|Any CPU.ActiveCfg = Debug|Any CPU
		{3DCA0E16-866B-402E-A946-D40F8A189279}.Debug|Any CPU.Build.0 = Debug|Any CPU
		{3DCA0E16-866B-402E-A946-D40F8A189279}.Debug|Mixed Platforms.ActiveCfg = Debug|Any CPU
		{3DCA0E16-866B-402E-A946-D40F8A189279}.Debug|Mixed Platforms.Build.0 = Debug|Any CPU
		{3DCA0E16-866B-402E-A946-D40F8A189279}.Debug|x86.ActiveCfg = Debug|Any CPU
		{3DCA0E16-866B-402E-A946-D40F8A189279}.Release|Any CPU.ActiveCfg = Release|Any CPU
		{3DCA0E16-866B-402E-A946-D40F8A189279}.Release|Any CPU.Build.0 = Release|Any CPU
		{3DCA0E16-866B-402E-A946-D40F8A189279}.Release|Mixed Platforms.ActiveCfg = Release|Any CPU
		{3DCA0E16-866B-402E-A946-D40F8A189279}.Release|Mixed Platforms.Build.0 = Release|Any CPU
		{3DCA0E16-866B-402E-A946-D40F8A189279}.Release|x86.ActiveCfg = Release|Any CPU
		{8EE05764-F512-42C9-9FD5-61F63254889D}.Debug|Any CPU.ActiveCfg = Debug|Any CPU
		{8EE05764-F512-42C9-9FD5-61F63254889D}.Debug|Any CPU.Build.0 = Debug|Any CPU
		{8EE05764-F512-42C9-9FD5-61F63254889D}.Debug|Mixed Platforms.ActiveCfg = Debug|Any CPU
		{8EE05764-F512-42C9-9FD5-61F63254889D}.Debug|Mixed Platforms.Build.0 = Debug|Any CPU
		{8EE05764-F512-42C9-9FD5-61F63254889D}.Debug|x86.ActiveCfg = Debug|Any CPU
		{8EE05764-F512-42C9-9FD5-61F63254889D}.Release|Any CPU.ActiveCfg = Release|Any CPU
		{8EE05764-F512-42C9-9FD5-61F63254889D}.Release|Any CPU.Build.0 = Release|Any CPU
		{8EE05764-F512-42C9-9FD5-61F63254889D}.Release|Mixed Platforms.ActiveCfg = Release|Any CPU
		{8EE05764-F512-42C9-9FD5-61F63254889D}.Release|Mixed Platforms.Build.0 = Release|Any CPU
		{8EE05764-F512-42C9-9FD5-61F63254889D}.Release|x86.ActiveCfg = Release|Any CPU
		{D9AE8E63-0B24-414D-84FE-428FB591C08E}.Debug|Any CPU.ActiveCfg = Debug|Any CPU
		{D9AE8E63-0B24-414D-84FE-428FB591C08E}.Debug|Any CPU.Build.0 = Debug|Any CPU
		{D9AE8E63-0B24-414D-84FE-428FB591C08E}.Debug|Mixed Platforms.ActiveCfg = Debug|Any CPU
		{D9AE8E63-0B24-414D-84FE-428FB591C08E}.Debug|Mixed Platforms.Build.0 = Debug|Any CPU
		{D9AE8E63-0B24-414D-84FE-428FB591C08E}.Debug|x86.ActiveCfg = Debug|Any CPU
		{D9AE8E63-0B24-414D-84FE-428FB591C08E}.Release|Any CPU.ActiveCfg = Release|Any CPU
		{D9AE8E63-0B24-414D-84FE-428FB591C08E}.Release|Any CPU.Build.0 = Release|Any CPU
		{D9AE8E63-0B24-414D-84FE-428FB591C08E}.Release|Mixed Platforms.ActiveCfg = Release|Any CPU
		{D9AE8E63-0B24-414D-84FE-428FB591C08E}.Release|Mixed Platforms.Build.0 = Release|Any CPU
		{D9AE8E63-0B24-414D-84FE-428FB591C08E}.Release|x86.ActiveCfg = Release|Any CPU
		{F69DBBEA-4BB2-4AE5-B6EE-90C19F2A17CF}.Debug|Any CPU.ActiveCfg = Debug|Any CPU
		{F69DBBEA-4BB2-4AE5-B6EE-90C19F2A17CF}.Debug|Any CPU.Build.0 = Debug|Any CPU
		{F69DBBEA-4BB2-4AE5-B6EE-90C19F2A17CF}.Debug|Mixed Platforms.ActiveCfg = Debug|Any CPU
		{F69DBBEA-4BB2-4AE5-B6EE-90C19F2A17CF}.Debug|Mixed Platforms.Build.0 = Debug|Any CPU
		{F69DBBEA-4BB2-4AE5-B6EE-90C19F2A17CF}.Debug|x86.ActiveCfg = Debug|Any CPU
		{F69DBBEA-4BB2-4AE5-B6EE-90C19F2A17CF}.Release|Any CPU.ActiveCfg = Release|Any CPU
		{F69DBBEA-4BB2-4AE5-B6EE-90C19F2A17CF}.Release|Any CPU.Build.0 = Release|Any CPU
		{F69DBBEA-4BB2-4AE5-B6EE-90C19F2A17CF}.Release|Mixed Platforms.ActiveCfg = Release|Any CPU
		{F69DBBEA-4BB2-4AE5-B6EE-90C19F2A17CF}.Release|Mixed Platforms.Build.0 = Release|Any CPU
		{F69DBBEA-4BB2-4AE5-B6EE-90C19F2A17CF}.Release|x86.ActiveCfg = Release|Any CPU
		{592E487B-7B5A-44DE-A668-6990C9BA6B4D}.Debug|Any CPU.ActiveCfg = Debug|Any CPU
		{592E487B-7B5A-44DE-A668-6990C9BA6B4D}.Debug|Any CPU.Build.0 = Debug|Any CPU
		{592E487B-7B5A-44DE-A668-6990C9BA6B4D}.Debug|Mixed Platforms.ActiveCfg = Debug|Any CPU
		{592E487B-7B5A-44DE-A668-6990C9BA6B4D}.Debug|Mixed Platforms.Build.0 = Debug|Any CPU
		{592E487B-7B5A-44DE-A668-6990C9BA6B4D}.Debug|x86.ActiveCfg = Debug|Any CPU
		{592E487B-7B5A-44DE-A668-6990C9BA6B4D}.Release|Any CPU.ActiveCfg = Release|Any CPU
		{592E487B-7B5A-44DE-A668-6990C9BA6B4D}.Release|Any CPU.Build.0 = Release|Any CPU
		{592E487B-7B5A-44DE-A668-6990C9BA6B4D}.Release|Mixed Platforms.ActiveCfg = Release|Any CPU
		{592E487B-7B5A-44DE-A668-6990C9BA6B4D}.Release|Mixed Platforms.Build.0 = Release|Any CPU
		{592E487B-7B5A-44DE-A668-6990C9BA6B4D}.Release|x86.ActiveCfg = Release|Any CPU
		{FBC88DDF-02CF-4D6B-9438-E7D186536898}.Debug|Any CPU.ActiveCfg = Debug|Any CPU
		{FBC88DDF-02CF-4D6B-9438-E7D186536898}.Debug|Any CPU.Build.0 = Debug|Any CPU
		{FBC88DDF-02CF-4D6B-9438-E7D186536898}.Debug|Mixed Platforms.ActiveCfg = Debug|Any CPU
		{FBC88DDF-02CF-4D6B-9438-E7D186536898}.Debug|Mixed Platforms.Build.0 = Debug|Any CPU
		{FBC88DDF-02CF-4D6B-9438-E7D186536898}.Debug|x86.ActiveCfg = Debug|Any CPU
		{FBC88DDF-02CF-4D6B-9438-E7D186536898}.Release|Any CPU.ActiveCfg = Release|Any CPU
		{FBC88DDF-02CF-4D6B-9438-E7D186536898}.Release|Any CPU.Build.0 = Release|Any CPU
		{FBC88DDF-02CF-4D6B-9438-E7D186536898}.Release|Mixed Platforms.ActiveCfg = Release|Any CPU
		{FBC88DDF-02CF-4D6B-9438-E7D186536898}.Release|Mixed Platforms.Build.0 = Release|Any CPU
		{FBC88DDF-02CF-4D6B-9438-E7D186536898}.Release|x86.ActiveCfg = Release|Any CPU
		{0F701FE0-9D70-428F-A23C-09C235FDE419}.Debug|Any CPU.ActiveCfg = Debug|Any CPU
		{0F701FE0-9D70-428F-A23C-09C235FDE419}.Debug|Any CPU.Build.0 = Debug|Any CPU
		{0F701FE0-9D70-428F-A23C-09C235FDE419}.Debug|Mixed Platforms.ActiveCfg = Debug|Any CPU
		{0F701FE0-9D70-428F-A23C-09C235FDE419}.Debug|Mixed Platforms.Build.0 = Debug|Any CPU
		{0F701FE0-9D70-428F-A23C-09C235FDE419}.Debug|x86.ActiveCfg = Debug|Any CPU
		{0F701FE0-9D70-428F-A23C-09C235FDE419}.Release|Any CPU.ActiveCfg = Release|Any CPU
		{0F701FE0-9D70-428F-A23C-09C235FDE419}.Release|Any CPU.Build.0 = Release|Any CPU
		{0F701FE0-9D70-428F-A23C-09C235FDE419}.Release|Mixed Platforms.ActiveCfg = Release|Any CPU
		{0F701FE0-9D70-428F-A23C-09C235FDE419}.Release|Mixed Platforms.Build.0 = Release|Any CPU
		{0F701FE0-9D70-428F-A23C-09C235FDE419}.Release|x86.ActiveCfg = Release|Any CPU
		{D172AD83-34D8-478D-8875-2D467A28129C}.Debug|Any CPU.ActiveCfg = Debug|Any CPU
		{D172AD83-34D8-478D-8875-2D467A28129C}.Debug|Any CPU.Build.0 = Debug|Any CPU
		{D172AD83-34D8-478D-8875-2D467A28129C}.Debug|Mixed Platforms.ActiveCfg = Debug|Any CPU
		{D172AD83-34D8-478D-8875-2D467A28129C}.Debug|Mixed Platforms.Build.0 = Debug|Any CPU
		{D172AD83-34D8-478D-8875-2D467A28129C}.Debug|x86.ActiveCfg = Debug|Any CPU
		{D172AD83-34D8-478D-8875-2D467A28129C}.Release|Any CPU.ActiveCfg = Release|Any CPU
		{D172AD83-34D8-478D-8875-2D467A28129C}.Release|Any CPU.Build.0 = Release|Any CPU
		{D172AD83-34D8-478D-8875-2D467A28129C}.Release|Mixed Platforms.ActiveCfg = Release|Any CPU
		{D172AD83-34D8-478D-8875-2D467A28129C}.Release|Mixed Platforms.Build.0 = Release|Any CPU
		{D172AD83-34D8-478D-8875-2D467A28129C}.Release|x86.ActiveCfg = Release|Any CPU
		{EFDE894B-FA3D-4202-9A08-C9F69C0B0799}.Debug|Any CPU.ActiveCfg = Debug|Any CPU
		{EFDE894B-FA3D-4202-9A08-C9F69C0B0799}.Debug|Any CPU.Build.0 = Debug|Any CPU
		{EFDE894B-FA3D-4202-9A08-C9F69C0B0799}.Debug|Mixed Platforms.ActiveCfg = Debug|Any CPU
		{EFDE894B-FA3D-4202-9A08-C9F69C0B0799}.Debug|Mixed Platforms.Build.0 = Debug|Any CPU
		{EFDE894B-FA3D-4202-9A08-C9F69C0B0799}.Debug|x86.ActiveCfg = Debug|Any CPU
		{EFDE894B-FA3D-4202-9A08-C9F69C0B0799}.Release|Any CPU.ActiveCfg = Release|Any CPU
		{EFDE894B-FA3D-4202-9A08-C9F69C0B0799}.Release|Any CPU.Build.0 = Release|Any CPU
		{EFDE894B-FA3D-4202-9A08-C9F69C0B0799}.Release|Mixed Platforms.ActiveCfg = Release|Any CPU
		{EFDE894B-FA3D-4202-9A08-C9F69C0B0799}.Release|Mixed Platforms.Build.0 = Release|Any CPU
		{EFDE894B-FA3D-4202-9A08-C9F69C0B0799}.Release|x86.ActiveCfg = Release|Any CPU
		{B94E7BEF-5277-4BCB-82E1-BA5616EB7E42}.Debug|Any CPU.ActiveCfg = Debug|Any CPU
		{B94E7BEF-5277-4BCB-82E1-BA5616EB7E42}.Debug|Any CPU.Build.0 = Debug|Any CPU
		{B94E7BEF-5277-4BCB-82E1-BA5616EB7E42}.Debug|Mixed Platforms.ActiveCfg = Debug|Any CPU
		{B94E7BEF-5277-4BCB-82E1-BA5616EB7E42}.Debug|Mixed Platforms.Build.0 = Debug|Any CPU
		{B94E7BEF-5277-4BCB-82E1-BA5616EB7E42}.Debug|x86.ActiveCfg = Debug|Any CPU
		{B94E7BEF-5277-4BCB-82E1-BA5616EB7E42}.Release|Any CPU.ActiveCfg = Release|Any CPU
		{B94E7BEF-5277-4BCB-82E1-BA5616EB7E42}.Release|Any CPU.Build.0 = Release|Any CPU
		{B94E7BEF-5277-4BCB-82E1-BA5616EB7E42}.Release|Mixed Platforms.ActiveCfg = Release|Any CPU
		{B94E7BEF-5277-4BCB-82E1-BA5616EB7E42}.Release|Mixed Platforms.Build.0 = Release|Any CPU
		{B94E7BEF-5277-4BCB-82E1-BA5616EB7E42}.Release|x86.ActiveCfg = Release|Any CPU
		{637F363D-3006-47DE-9A4D-BDE2A8BD3A6C}.Debug|Any CPU.ActiveCfg = Debug|Any CPU
		{637F363D-3006-47DE-9A4D-BDE2A8BD3A6C}.Debug|Any CPU.Build.0 = Debug|Any CPU
		{637F363D-3006-47DE-9A4D-BDE2A8BD3A6C}.Debug|Mixed Platforms.ActiveCfg = Debug|Any CPU
		{637F363D-3006-47DE-9A4D-BDE2A8BD3A6C}.Debug|Mixed Platforms.Build.0 = Debug|Any CPU
		{637F363D-3006-47DE-9A4D-BDE2A8BD3A6C}.Debug|x86.ActiveCfg = Debug|Any CPU
		{637F363D-3006-47DE-9A4D-BDE2A8BD3A6C}.Release|Any CPU.ActiveCfg = Release|Any CPU
		{637F363D-3006-47DE-9A4D-BDE2A8BD3A6C}.Release|Any CPU.Build.0 = Release|Any CPU
		{637F363D-3006-47DE-9A4D-BDE2A8BD3A6C}.Release|Mixed Platforms.ActiveCfg = Release|Any CPU
		{637F363D-3006-47DE-9A4D-BDE2A8BD3A6C}.Release|Mixed Platforms.Build.0 = Release|Any CPU
		{637F363D-3006-47DE-9A4D-BDE2A8BD3A6C}.Release|x86.ActiveCfg = Release|Any CPU
		{4CB37800-8799-410D-9388-D84CE484E973}.Debug|Any CPU.ActiveCfg = Debug|Any CPU
		{4CB37800-8799-410D-9388-D84CE484E973}.Debug|Any CPU.Build.0 = Debug|Any CPU
		{4CB37800-8799-410D-9388-D84CE484E973}.Debug|Mixed Platforms.ActiveCfg = Debug|Any CPU
		{4CB37800-8799-410D-9388-D84CE484E973}.Debug|Mixed Platforms.Build.0 = Debug|Any CPU
		{4CB37800-8799-410D-9388-D84CE484E973}.Debug|x86.ActiveCfg = Debug|Any CPU
		{4CB37800-8799-410D-9388-D84CE484E973}.Release|Any CPU.ActiveCfg = Release|Any CPU
		{4CB37800-8799-410D-9388-D84CE484E973}.Release|Any CPU.Build.0 = Release|Any CPU
		{4CB37800-8799-410D-9388-D84CE484E973}.Release|Mixed Platforms.ActiveCfg = Release|Any CPU
		{4CB37800-8799-410D-9388-D84CE484E973}.Release|Mixed Platforms.Build.0 = Release|Any CPU
		{4CB37800-8799-410D-9388-D84CE484E973}.Release|x86.ActiveCfg = Release|Any CPU
		{30A048BB-A6FE-4AA1-86FF-2944F467FEC0}.Debug|Any CPU.ActiveCfg = Debug|Any CPU
		{30A048BB-A6FE-4AA1-86FF-2944F467FEC0}.Debug|Any CPU.Build.0 = Debug|Any CPU
		{30A048BB-A6FE-4AA1-86FF-2944F467FEC0}.Debug|Mixed Platforms.ActiveCfg = Debug|Any CPU
		{30A048BB-A6FE-4AA1-86FF-2944F467FEC0}.Debug|Mixed Platforms.Build.0 = Debug|Any CPU
		{30A048BB-A6FE-4AA1-86FF-2944F467FEC0}.Debug|x86.ActiveCfg = Debug|Any CPU
		{30A048BB-A6FE-4AA1-86FF-2944F467FEC0}.Release|Any CPU.ActiveCfg = Release|Any CPU
		{30A048BB-A6FE-4AA1-86FF-2944F467FEC0}.Release|Any CPU.Build.0 = Release|Any CPU
		{30A048BB-A6FE-4AA1-86FF-2944F467FEC0}.Release|Mixed Platforms.ActiveCfg = Release|Any CPU
		{30A048BB-A6FE-4AA1-86FF-2944F467FEC0}.Release|Mixed Platforms.Build.0 = Release|Any CPU
		{30A048BB-A6FE-4AA1-86FF-2944F467FEC0}.Release|x86.ActiveCfg = Release|Any CPU
		{5AF61F80-0070-48E9-BA57-B7D6A4531E80}.Debug|Any CPU.ActiveCfg = Debug|Any CPU
		{5AF61F80-0070-48E9-BA57-B7D6A4531E80}.Debug|Any CPU.Build.0 = Debug|Any CPU
		{5AF61F80-0070-48E9-BA57-B7D6A4531E80}.Debug|Mixed Platforms.ActiveCfg = Debug|Any CPU
		{5AF61F80-0070-48E9-BA57-B7D6A4531E80}.Debug|Mixed Platforms.Build.0 = Debug|Any CPU
		{5AF61F80-0070-48E9-BA57-B7D6A4531E80}.Debug|x86.ActiveCfg = Debug|Any CPU
		{5AF61F80-0070-48E9-BA57-B7D6A4531E80}.Release|Any CPU.ActiveCfg = Release|Any CPU
		{5AF61F80-0070-48E9-BA57-B7D6A4531E80}.Release|Any CPU.Build.0 = Release|Any CPU
		{5AF61F80-0070-48E9-BA57-B7D6A4531E80}.Release|Mixed Platforms.ActiveCfg = Release|Any CPU
		{5AF61F80-0070-48E9-BA57-B7D6A4531E80}.Release|Mixed Platforms.Build.0 = Release|Any CPU
		{5AF61F80-0070-48E9-BA57-B7D6A4531E80}.Release|x86.ActiveCfg = Release|Any CPU
		{AF3BA295-A0FF-4317-A53F-DD172FD0E42A}.Debug|Any CPU.ActiveCfg = Debug|Any CPU
		{AF3BA295-A0FF-4317-A53F-DD172FD0E42A}.Debug|Any CPU.Build.0 = Debug|Any CPU
		{AF3BA295-A0FF-4317-A53F-DD172FD0E42A}.Debug|Mixed Platforms.ActiveCfg = Debug|Any CPU
		{AF3BA295-A0FF-4317-A53F-DD172FD0E42A}.Debug|Mixed Platforms.Build.0 = Debug|Any CPU
		{AF3BA295-A0FF-4317-A53F-DD172FD0E42A}.Debug|x86.ActiveCfg = Debug|Any CPU
		{AF3BA295-A0FF-4317-A53F-DD172FD0E42A}.Release|Any CPU.ActiveCfg = Release|Any CPU
		{AF3BA295-A0FF-4317-A53F-DD172FD0E42A}.Release|Any CPU.Build.0 = Release|Any CPU
		{AF3BA295-A0FF-4317-A53F-DD172FD0E42A}.Release|Mixed Platforms.ActiveCfg = Release|Any CPU
		{AF3BA295-A0FF-4317-A53F-DD172FD0E42A}.Release|Mixed Platforms.Build.0 = Release|Any CPU
		{AF3BA295-A0FF-4317-A53F-DD172FD0E42A}.Release|x86.ActiveCfg = Release|Any CPU
		{4249DB75-BBB6-4CC4-B046-3170DD1D3BC1}.Debug|Any CPU.ActiveCfg = Debug|Any CPU
		{4249DB75-BBB6-4CC4-B046-3170DD1D3BC1}.Debug|Any CPU.Build.0 = Debug|Any CPU
		{4249DB75-BBB6-4CC4-B046-3170DD1D3BC1}.Debug|Mixed Platforms.ActiveCfg = Debug|Any CPU
		{4249DB75-BBB6-4CC4-B046-3170DD1D3BC1}.Debug|Mixed Platforms.Build.0 = Debug|Any CPU
		{4249DB75-BBB6-4CC4-B046-3170DD1D3BC1}.Debug|x86.ActiveCfg = Debug|Any CPU
		{4249DB75-BBB6-4CC4-B046-3170DD1D3BC1}.Release|Any CPU.ActiveCfg = Release|Any CPU
		{4249DB75-BBB6-4CC4-B046-3170DD1D3BC1}.Release|Any CPU.Build.0 = Release|Any CPU
		{4249DB75-BBB6-4CC4-B046-3170DD1D3BC1}.Release|Mixed Platforms.ActiveCfg = Release|Any CPU
		{4249DB75-BBB6-4CC4-B046-3170DD1D3BC1}.Release|Mixed Platforms.Build.0 = Release|Any CPU
		{4249DB75-BBB6-4CC4-B046-3170DD1D3BC1}.Release|x86.ActiveCfg = Release|Any CPU
	EndGlobalSection
	GlobalSection(SolutionProperties) = preSolution
		HideSolutionNode = FALSE
	EndGlobalSection
	GlobalSection(NestedProjects) = preSolution
		{275C1A32-6CF1-4151-96B8-CDC1EE97B60C} = {C6929962-22AE-4E22-B67F-F54F926B9E39}
		{6D6972B7-712C-470A-A42C-2E9EB9C41300} = {C6929962-22AE-4E22-B67F-F54F926B9E39}
		{61E32404-357A-48D2-AF0D-A826238D7D06} = {C6929962-22AE-4E22-B67F-F54F926B9E39}
		{37178D62-2DBE-44D1-A273-4C086C6CD168} = {C6929962-22AE-4E22-B67F-F54F926B9E39}
		{863B0909-FF1E-4A58-823E-CEE04B2A03FF} = {275C1A32-6CF1-4151-96B8-CDC1EE97B60C}
		{A5144524-61DE-48F9-8778-341252C26ED1} = {275C1A32-6CF1-4151-96B8-CDC1EE97B60C}
		{8EE05764-F512-42C9-9FD5-61F63254889D} = {275C1A32-6CF1-4151-96B8-CDC1EE97B60C}
		{D9AE8E63-0B24-414D-84FE-428FB591C08E} = {275C1A32-6CF1-4151-96B8-CDC1EE97B60C}
		{F69DBBEA-4BB2-4AE5-B6EE-90C19F2A17CF} = {275C1A32-6CF1-4151-96B8-CDC1EE97B60C}
		{592E487B-7B5A-44DE-A668-6990C9BA6B4D} = {275C1A32-6CF1-4151-96B8-CDC1EE97B60C}
		{B19AE3EC-D09D-41AC-A082-008EF36BF0FA} = {275C1A32-6CF1-4151-96B8-CDC1EE97B60C}
		{B2CD0911-5096-464A-9A21-0E1422310132} = {275C1A32-6CF1-4151-96B8-CDC1EE97B60C}
		{5AF61F80-0070-48E9-BA57-B7D6A4531E80} = {275C1A32-6CF1-4151-96B8-CDC1EE97B60C}
		{3DCA0E16-866B-402E-A946-D40F8A189279} = {6D6972B7-712C-470A-A42C-2E9EB9C41300}
		{FBC88DDF-02CF-4D6B-9438-E7D186536898} = {6D6972B7-712C-470A-A42C-2E9EB9C41300}
		{4938604E-7501-4B8A-870D-50887883E38B} = {6D6972B7-712C-470A-A42C-2E9EB9C41300}
		{4CB37800-8799-410D-9388-D84CE484E973} = {6D6972B7-712C-470A-A42C-2E9EB9C41300}
		{AF3BA295-A0FF-4317-A53F-DD172FD0E42A} = {24F74FE7-6675-476B-85CC-06FDDAE288FE}
		{D172AD83-34D8-478D-8875-2D467A28129C} = {61E32404-357A-48D2-AF0D-A826238D7D06}
		{0F701FE0-9D70-428F-A23C-09C235FDE419} = {61E32404-357A-48D2-AF0D-A826238D7D06}
		{B94E7BEF-5277-4BCB-82E1-BA5616EB7E42} = {37178D62-2DBE-44D1-A273-4C086C6CD168}
		{EFDE894B-FA3D-4202-9A08-C9F69C0B0799} = {37178D62-2DBE-44D1-A273-4C086C6CD168}
		{637F363D-3006-47DE-9A4D-BDE2A8BD3A6C} = {37178D62-2DBE-44D1-A273-4C086C6CD168}
		{30A048BB-A6FE-4AA1-86FF-2944F467FEC0} = {37178D62-2DBE-44D1-A273-4C086C6CD168}
		{4249DB75-BBB6-4CC4-B046-3170DD1D3BC1} = {37178D62-2DBE-44D1-A273-4C086C6CD168}
	EndGlobalSection
EndGlobal
